
Microsoft Visual Studio Solution File, Format Version 12.00
# Visual Studio Version 16
VisualStudioVersion = 16.0.30225.117
MinimumVisualStudioVersion = 10.0.40219.1
Project("{FAE04EC0-301F-11D3-BF4B-00C04F79EFBC}") = "Label_Linklabel", "Label_Linklabel\Label_Linklabel.csproj", "{6E155738-DEF4-40EE-9475-3DA22B50F2C2}"
EndProject
Global
	GlobalSection(SolutionConfigurationPlatforms) = preSolution
		Debug|Any CPU = Debug|Any CPU
		Release|Any CPU = Release|Any CPU
	EndGlobalSection
	GlobalSection(ProjectConfigurationPlatforms) = postSolution
		{6E155738-DEF4-40EE-9475-3DA22B50F2C2}.Debug|Any CPU.ActiveCfg = Debug|Any CPU
		{6E155738-DEF4-40EE-9475-3DA22B50F2C2}.Debug|Any CPU.Build.0 = Debug|Any CPU
		{6E155738-DEF4-40EE-9475-3DA22B50F2C2}.Release|Any CPU.ActiveCfg = Release|Any CPU
		{6E155738-DEF4-40EE-9475-3DA22B50F2C2}.Release|Any CPU.Build.0 = Release|Any CPU
	EndGlobalSection
	GlobalSection(SolutionProperties) = preSolution
		HideSolutionNode = FALSE
	EndGlobalSection
	GlobalSection(ExtensibilityGlobals) = postSolution
		SolutionGuid = {B4DEA652-5CCA-43E0-81D0-52CB10EFB7E5}
	EndGlobalSection
EndGlobal
