
Microsoft Visual Studio Solution File, Format Version 12.00
# Visual Studio Version 16
VisualStudioVersion = 16.0.30225.117
MinimumVisualStudioVersion = 10.0.40219.1
Project("{FAE04EC0-301F-11D3-BF4B-00C04F79EFBC}") = "assignment operator", "assignment operator\assignment operator.csproj", "{20606E70-1838-4891-8463-3E6777820727}"
EndProject
Global
	GlobalSection(SolutionConfigurationPlatforms) = preSolution
		Debug|Any CPU = Debug|Any CPU
		Release|Any CPU = Release|Any CPU
	EndGlobalSection
	GlobalSection(ProjectConfigurationPlatforms) = postSolution
		{20606E70-1838-4891-8463-3E6777820727}.Debug|Any CPU.ActiveCfg = Debug|Any CPU
		{20606E70-1838-4891-8463-3E6777820727}.Debug|Any CPU.Build.0 = Debug|Any CPU
		{20606E70-1838-4891-8463-3E6777820727}.Release|Any CPU.ActiveCfg = Release|Any CPU
		{20606E70-1838-4891-8463-3E6777820727}.Release|Any CPU.Build.0 = Release|Any CPU
	EndGlobalSection
	GlobalSection(SolutionProperties) = preSolution
		HideSolutionNode = FALSE
	EndGlobalSection
	GlobalSection(ExtensibilityGlobals) = postSolution
		SolutionGuid = {F4DCC534-28C0-4127-86AF-4C478A11D328}
	EndGlobalSection
EndGlobal
