
Microsoft Visual Studio Solution File, Format Version 12.00
# Visual Studio Version 16
VisualStudioVersion = 16.0.30225.117
MinimumVisualStudioVersion = 10.0.40219.1
Project("{FAE04EC0-301F-11D3-BF4B-00C04F79EFBC}") = "foreach", "foreach\foreach.csproj", "{5499D680-9427-4D58-AA9E-6D6033A2FB24}"
EndProject
Global
	GlobalSection(SolutionConfigurationPlatforms) = preSolution
		Debug|Any CPU = Debug|Any CPU
		Release|Any CPU = Release|Any CPU
	EndGlobalSection
	GlobalSection(ProjectConfigurationPlatforms) = postSolution
		{5499D680-9427-4D58-AA9E-6D6033A2FB24}.Debug|Any CPU.ActiveCfg = Debug|Any CPU
		{5499D680-9427-4D58-AA9E-6D6033A2FB24}.Debug|Any CPU.Build.0 = Debug|Any CPU
		{5499D680-9427-4D58-AA9E-6D6033A2FB24}.Release|Any CPU.ActiveCfg = Release|Any CPU
		{5499D680-9427-4D58-AA9E-6D6033A2FB24}.Release|Any CPU.Build.0 = Release|Any CPU
	EndGlobalSection
	GlobalSection(SolutionProperties) = preSolution
		HideSolutionNode = FALSE
	EndGlobalSection
	GlobalSection(ExtensibilityGlobals) = postSolution
		SolutionGuid = {0C2A67D7-6D5E-4B74-9A16-06B956C9A9AE}
	EndGlobalSection
EndGlobal
