
Microsoft Visual Studio Solution File, Format Version 12.00
# Visual Studio Version 16
VisualStudioVersion = 16.0.30225.117
MinimumVisualStudioVersion = 10.0.40219.1
Project("{FAE04EC0-301F-11D3-BF4B-00C04F79EFBC}") = "datetime", "datetime\datetime.csproj", "{FCE59A5E-90A5-43C9-8A87-E3AF377762EF}"
EndProject
Global
	GlobalSection(SolutionConfigurationPlatforms) = preSolution
		Debug|Any CPU = Debug|Any CPU
		Release|Any CPU = Release|Any CPU
	EndGlobalSection
	GlobalSection(ProjectConfigurationPlatforms) = postSolution
		{FCE59A5E-90A5-43C9-8A87-E3AF377762EF}.Debug|Any CPU.ActiveCfg = Debug|Any CPU
		{FCE59A5E-90A5-43C9-8A87-E3AF377762EF}.Debug|Any CPU.Build.0 = Debug|Any CPU
		{FCE59A5E-90A5-43C9-8A87-E3AF377762EF}.Release|Any CPU.ActiveCfg = Release|Any CPU
		{FCE59A5E-90A5-43C9-8A87-E3AF377762EF}.Release|Any CPU.Build.0 = Release|Any CPU
	EndGlobalSection
	GlobalSection(SolutionProperties) = preSolution
		HideSolutionNode = FALSE
	EndGlobalSection
	GlobalSection(ExtensibilityGlobals) = postSolution
		SolutionGuid = {8D4A3C12-C83D-44D5-8062-385500656237}
	EndGlobalSection
EndGlobal
