
Microsoft Visual Studio Solution File, Format Version 12.00
# Visual Studio Version 16
VisualStudioVersion = 16.0.30225.117
MinimumVisualStudioVersion = 10.0.40219.1
Project("{FAE04EC0-301F-11D3-BF4B-00C04F79EFBC}") = "capsulation", "capsulation\capsulation.csproj", "{CFC8CE91-C176-4BE8-BF0A-9DD50D7BF702}"
EndProject
Global
	GlobalSection(SolutionConfigurationPlatforms) = preSolution
		Debug|Any CPU = Debug|Any CPU
		Release|Any CPU = Release|Any CPU
	EndGlobalSection
	GlobalSection(ProjectConfigurationPlatforms) = postSolution
		{CFC8CE91-C176-4BE8-BF0A-9DD50D7BF702}.Debug|Any CPU.ActiveCfg = Debug|Any CPU
		{CFC8CE91-C176-4BE8-BF0A-9DD50D7BF702}.Debug|Any CPU.Build.0 = Debug|Any CPU
		{CFC8CE91-C176-4BE8-BF0A-9DD50D7BF702}.Release|Any CPU.ActiveCfg = Release|Any CPU
		{CFC8CE91-C176-4BE8-BF0A-9DD50D7BF702}.Release|Any CPU.Build.0 = Release|Any CPU
	EndGlobalSection
	GlobalSection(SolutionProperties) = preSolution
		HideSolutionNode = FALSE
	EndGlobalSection
	GlobalSection(ExtensibilityGlobals) = postSolution
		SolutionGuid = {086216D2-AA0E-4F94-837F-EA10E48B0E3A}
	EndGlobalSection
EndGlobal
