
Microsoft Visual Studio Solution File, Format Version 12.00
# Visual Studio Version 16
VisualStudioVersion = 16.0.30225.117
MinimumVisualStudioVersion = 10.0.40219.1
Project("{FAE04EC0-301F-11D3-BF4B-00C04F79EFBC}") = "MDI", "MDI\MDI.csproj", "{19A1AA57-3EBC-4DA0-B35D-640DCEC11C34}"
EndProject
Global
	GlobalSection(SolutionConfigurationPlatforms) = preSolution
		Debug|Any CPU = Debug|Any CPU
		Release|Any CPU = Release|Any CPU
	EndGlobalSection
	GlobalSection(ProjectConfigurationPlatforms) = postSolution
		{19A1AA57-3EBC-4DA0-B35D-640DCEC11C34}.Debug|Any CPU.ActiveCfg = Debug|Any CPU
		{19A1AA57-3EBC-4DA0-B35D-640DCEC11C34}.Debug|Any CPU.Build.0 = Debug|Any CPU
		{19A1AA57-3EBC-4DA0-B35D-640DCEC11C34}.Release|Any CPU.ActiveCfg = Release|Any CPU
		{19A1AA57-3EBC-4DA0-B35D-640DCEC11C34}.Release|Any CPU.Build.0 = Release|Any CPU
	EndGlobalSection
	GlobalSection(SolutionProperties) = preSolution
		HideSolutionNode = FALSE
	EndGlobalSection
	GlobalSection(ExtensibilityGlobals) = postSolution
		SolutionGuid = {89DB8D3C-F2A7-4D4C-9853-1FD101DEB5FC}
	EndGlobalSection
EndGlobal
