
Microsoft Visual Studio Solution File, Format Version 12.00
# Visual Studio Version 16
VisualStudioVersion = 16.0.30225.117
MinimumVisualStudioVersion = 10.0.40219.1
Project("{FAE04EC0-301F-11D3-BF4B-00C04F79EFBC}") = "Hiding", "Hiding\Hiding.csproj", "{20BA61ED-AE99-4F0B-8354-DEE61805DF6E}"
EndProject
Global
	GlobalSection(SolutionConfigurationPlatforms) = preSolution
		Debug|Any CPU = Debug|Any CPU
		Release|Any CPU = Release|Any CPU
	EndGlobalSection
	GlobalSection(ProjectConfigurationPlatforms) = postSolution
		{20BA61ED-AE99-4F0B-8354-DEE61805DF6E}.Debug|Any CPU.ActiveCfg = Debug|Any CPU
		{20BA61ED-AE99-4F0B-8354-DEE61805DF6E}.Debug|Any CPU.Build.0 = Debug|Any CPU
		{20BA61ED-AE99-4F0B-8354-DEE61805DF6E}.Release|Any CPU.ActiveCfg = Release|Any CPU
		{20BA61ED-AE99-4F0B-8354-DEE61805DF6E}.Release|Any CPU.Build.0 = Release|Any CPU
	EndGlobalSection
	GlobalSection(SolutionProperties) = preSolution
		HideSolutionNode = FALSE
	EndGlobalSection
	GlobalSection(ExtensibilityGlobals) = postSolution
		SolutionGuid = {5F7D6212-7E1B-4327-8ED5-F8F5A5E827BE}
	EndGlobalSection
EndGlobal
