
Microsoft Visual Studio Solution File, Format Version 12.00
# Visual Studio Version 16
VisualStudioVersion = 16.0.30225.117
MinimumVisualStudioVersion = 10.0.40219.1
Project("{FAE04EC0-301F-11D3-BF4B-00C04F79EFBC}") = "struck_class", "struck_class\struck_class.csproj", "{D1D97A27-2FFB-4AE1-ABF1-16BCAFD3445F}"
EndProject
Global
	GlobalSection(SolutionConfigurationPlatforms) = preSolution
		Debug|Any CPU = Debug|Any CPU
		Release|Any CPU = Release|Any CPU
	EndGlobalSection
	GlobalSection(ProjectConfigurationPlatforms) = postSolution
		{D1D97A27-2FFB-4AE1-ABF1-16BCAFD3445F}.Debug|Any CPU.ActiveCfg = Debug|Any CPU
		{D1D97A27-2FFB-4AE1-ABF1-16BCAFD3445F}.Debug|Any CPU.Build.0 = Debug|Any CPU
		{D1D97A27-2FFB-4AE1-ABF1-16BCAFD3445F}.Release|Any CPU.ActiveCfg = Release|Any CPU
		{D1D97A27-2FFB-4AE1-ABF1-16BCAFD3445F}.Release|Any CPU.Build.0 = Release|Any CPU
	EndGlobalSection
	GlobalSection(SolutionProperties) = preSolution
		HideSolutionNode = FALSE
	EndGlobalSection
	GlobalSection(ExtensibilityGlobals) = postSolution
		SolutionGuid = {C3A42976-B8D9-4543-820F-AF2AB026E6E3}
	EndGlobalSection
EndGlobal
