
Microsoft Visual Studio Solution File, Format Version 12.00
# Visual Studio Version 16
VisualStudioVersion = 16.0.30225.117
MinimumVisualStudioVersion = 10.0.40219.1
Project("{FAE04EC0-301F-11D3-BF4B-00C04F79EFBC}") = "WindowsFormsApp1", "WindowsFormsApp1\WindowsFormsApp1.csproj", "{C5CE0D12-9FA9-4655-BCC2-ACDD1680734A}"
EndProject
Global
	GlobalSection(SolutionConfigurationPlatforms) = preSolution
		Debug|Any CPU = Debug|Any CPU
		Release|Any CPU = Release|Any CPU
	EndGlobalSection
	GlobalSection(ProjectConfigurationPlatforms) = postSolution
		{C5CE0D12-9FA9-4655-BCC2-ACDD1680734A}.Debug|Any CPU.ActiveCfg = Debug|Any CPU
		{C5CE0D12-9FA9-4655-BCC2-ACDD1680734A}.Debug|Any CPU.Build.0 = Debug|Any CPU
		{C5CE0D12-9FA9-4655-BCC2-ACDD1680734A}.Release|Any CPU.ActiveCfg = Release|Any CPU
		{C5CE0D12-9FA9-4655-BCC2-ACDD1680734A}.Release|Any CPU.Build.0 = Release|Any CPU
	EndGlobalSection
	GlobalSection(SolutionProperties) = preSolution
		HideSolutionNode = FALSE
	EndGlobalSection
	GlobalSection(ExtensibilityGlobals) = postSolution
		SolutionGuid = {F25B9C1A-6667-422F-8099-08F208D16E88}
	EndGlobalSection
EndGlobal
