
Microsoft Visual Studio Solution File, Format Version 12.00
# Visual Studio Version 16
VisualStudioVersion = 16.0.30225.117
MinimumVisualStudioVersion = 10.0.40219.1
Project("{FAE04EC0-301F-11D3-BF4B-00C04F79EFBC}") = "ComboList_Grid", "ComboList_Grid\ComboList_Grid.csproj", "{9FF98A4C-781F-4A6F-8AA5-B8C6C4F44C3B}"
EndProject
Global
	GlobalSection(SolutionConfigurationPlatforms) = preSolution
		Debug|Any CPU = Debug|Any CPU
		Release|Any CPU = Release|Any CPU
	EndGlobalSection
	GlobalSection(ProjectConfigurationPlatforms) = postSolution
		{9FF98A4C-781F-4A6F-8AA5-B8C6C4F44C3B}.Debug|Any CPU.ActiveCfg = Debug|Any CPU
		{9FF98A4C-781F-4A6F-8AA5-B8C6C4F44C3B}.Debug|Any CPU.Build.0 = Debug|Any CPU
		{9FF98A4C-781F-4A6F-8AA5-B8C6C4F44C3B}.Release|Any CPU.ActiveCfg = Release|Any CPU
		{9FF98A4C-781F-4A6F-8AA5-B8C6C4F44C3B}.Release|Any CPU.Build.0 = Release|Any CPU
	EndGlobalSection
	GlobalSection(SolutionProperties) = preSolution
		HideSolutionNode = FALSE
	EndGlobalSection
	GlobalSection(ExtensibilityGlobals) = postSolution
		SolutionGuid = {4480E2F0-337E-4368-A73C-54BEC811404D}
	EndGlobalSection
EndGlobal
