
Microsoft Visual Studio Solution File, Format Version 12.00
# Visual Studio Version 16
VisualStudioVersion = 16.0.30225.117
MinimumVisualStudioVersion = 10.0.40219.1
Project("{FAE04EC0-301F-11D3-BF4B-00C04F79EFBC}") = "StreamWriter", "StreamWriter\StreamWriter.csproj", "{88D36CB5-81D0-4259-B640-DC89E04601C6}"
EndProject
Global
	GlobalSection(SolutionConfigurationPlatforms) = preSolution
		Debug|Any CPU = Debug|Any CPU
		Release|Any CPU = Release|Any CPU
	EndGlobalSection
	GlobalSection(ProjectConfigurationPlatforms) = postSolution
		{88D36CB5-81D0-4259-B640-DC89E04601C6}.Debug|Any CPU.ActiveCfg = Debug|Any CPU
		{88D36CB5-81D0-4259-B640-DC89E04601C6}.Debug|Any CPU.Build.0 = Debug|Any CPU
		{88D36CB5-81D0-4259-B640-DC89E04601C6}.Release|Any CPU.ActiveCfg = Release|Any CPU
		{88D36CB5-81D0-4259-B640-DC89E04601C6}.Release|Any CPU.Build.0 = Release|Any CPU
	EndGlobalSection
	GlobalSection(SolutionProperties) = preSolution
		HideSolutionNode = FALSE
	EndGlobalSection
	GlobalSection(ExtensibilityGlobals) = postSolution
		SolutionGuid = {58D3AC76-66E7-4074-8792-C3DAB96A74AF}
	EndGlobalSection
EndGlobal
